// !$*UTF8*$!
{
	archiveVersion = 1;
	classes = {
	};
	objectVersion = 77;
	objects = {

/* Begin PBXBuildFile section */
		218A2F853F71D833664F1336 /* ScanPhase.swift in Sources */ = {isa = PBXBuildFile; fileRef = 55007DC8296C9334E0324693 /* ScanPhase.swift */; };
		26821E039AD90F9F711857DC /* BluetoothOffView.swift in Sources */ = {isa = PBXBuildFile; fileRef = 0BE20BA560203445EE710D51 /* BluetoothOffView.swift */; };
		352B8F1A90A7CD5ABD8D8FB0 /* EventFoundView.swift in Sources */ = {isa = PBXBuildFile; fileRef = 286E6F23D1771C295F6985CF /* EventFoundView.swift */; };
		37D8BE25C2E3BC1539CDF3EF /* SignalLostView.swift in Sources */ = {isa = PBXBuildFile; fileRef = A53AA2BB9B6278B16A4B48CA /* SignalLostView.swift */; };
		3F77446516F72DADDC5A2758 /* ProofStore.swift in Sources */ = {isa = PBXBuildFile; fileRef = F9BF4CF2816A35EB59ACFCB1 /* ProofStore.swift */; };
		414152560F7C8A796B7C87FA /* CollectionHomeView.swift in Sources */ = {isa = PBXBuildFile; fileRef = FA2D0F7D38B7953CCF31FA5F /* CollectionHomeView.swift */; };
		41F27951841CD728C3DB24B1 /* SensingCoordinatorTests.swift in Sources */ = {isa = PBXBuildFile; fileRef = 8DE29D3990C7F6535CF1E3A0 /* SensingCoordinatorTests.swift */; };
		4DA19DBF11A31827A1084769 /* SensingCoordinator.swift in Sources */ = {isa = PBXBuildFile; fileRef = F42438FFF91FB0F0102C2372 /* SensingCoordinator.swift */; };
		4F5882E98DE1728543FFB8A8 /* Proof.swift in Sources */ = {isa = PBXBuildFile; fileRef = 22B1FCBDE96F0EB53010E902 /* Proof.swift */; };
		557A5CE832D4776231545668 /* ProofCardView.swift in Sources */ = {isa = PBXBuildFile; fileRef = C57B8BEC2E8BEE15403BDE03 /* ProofCardView.swift */; };
		65833C93B634226BAEEBC632 /* AccountSheetView.swift in Sources */ = {isa = PBXBuildFile; fileRef = F454582BD37F957E5C7EB1BC /* AccountSheetView.swift */; };
		69C3AE51E8FB83C032AEA8D0 /* AppCoordinator.swift in Sources */ = {isa = PBXBuildFile; fileRef = 19CB80EFF774876EB5831AAB /* AppCoordinator.swift */; };
		6E583E2C5F75B4ADCCD893D2 /* RootView.swift in Sources */ = {isa = PBXBuildFile; fileRef = 5952D8095EF036EE3563EE45 /* RootView.swift */; };
		71770D096463E9EDDBD0AD5C /* AppScreen.swift in Sources */ = {isa = PBXBuildFile; fileRef = 650BF5EB34DEEBA7A22546F3 /* AppScreen.swift */; };
		761B6ABF9CC93BC41BC7EE10 /* VerifyingView.swift in Sources */ = {isa = PBXBuildFile; fileRef = 7D1D92CEB129EC95398CFFED /* VerifyingView.swift */; };
		9E4C16215A48C1FFADD5125C /* WalletConnectView.swift in Sources */ = {isa = PBXBuildFile; fileRef = B7823F14668A047820EB7060 /* WalletConnectView.swift */; };
		A81794E11E63D5DF6C232A99 /* DemoEvent.swift in Sources */ = {isa = PBXBuildFile; fileRef = 0C0E64F1E2A3F900FD5CAA68 /* DemoEvent.swift */; };
		B1F978291EFEC9595BCEA8C6 /* ProofCollectedView.swift in Sources */ = {isa = PBXBuildFile; fileRef = 30B861F790F0E78189CEDFAD /* ProofCollectedView.swift */; };
		B2A64062AC8D4A56EDCE2E46 /* ItemDetailView.swift in Sources */ = {isa = PBXBuildFile; fileRef = 0B3805EF057DE73986545010 /* ItemDetailView.swift */; };
		BD410A9A17B7C1D46E86192F /* OnboardingMode.swift in Sources */ = {isa = PBXBuildFile; fileRef = 115A3CAD20565CD49FE9579C /* OnboardingMode.swift */; };
		BEFF7670DEF8ECAE9B25D393 /* SensingView.swift in Sources */ = {isa = PBXBuildFile; fileRef = 434F87D62BA057B480786BEB /* SensingView.swift */; };
		BF516B6A5071644942BA214A /* ScanFlowView.swift in Sources */ = {isa = PBXBuildFile; fileRef = 22195B364A77E56F43C7CDFD /* ScanFlowView.swift */; };
		C357E8E1C93D15AF26221474 /* OnboardingFlagTests.swift in Sources */ = {isa = PBXBuildFile; fileRef = E7F38C78DC6CAD0ED651E660 /* OnboardingFlagTests.swift */; };
		C72AD71C76745D23F8F9A222 /* BeidNativeApp.swift in Sources */ = {isa = PBXBuildFile; fileRef = 2A3BE3C7AB18EAB422A08519 /* BeidNativeApp.swift */; };
		C89A122A7B71A1AF73589BB8 /* ProofStoreTests.swift in Sources */ = {isa = PBXBuildFile; fileRef = 1E955FB1A97DA75F62A5F196 /* ProofStoreTests.swift */; };
		D073A8F7A86112AC6CBA40EA /* WalletConnectStub.swift in Sources */ = {isa = PBXBuildFile; fileRef = B5E8DF11A012897878781523 /* WalletConnectStub.swift */; };
		EC1D55610E51518E1AC40155 /* BluetoothMonitor.swift in Sources */ = {isa = PBXBuildFile; fileRef = ACD38071E073229C2BC1FE67 /* BluetoothMonitor.swift */; };
		EE7950CFD0BB78D1D4FFF072 /* VerifiedView.swift in Sources */ = {isa = PBXBuildFile; fileRef = 585139B8FDEFC2C955E92E47 /* VerifiedView.swift */; };
		F3BD75A9BEE926FB8CA6BC12 /* Barnard in Frameworks */ = {isa = PBXBuildFile; productRef = AAB5570722372D2398076689 /* Barnard */; };
		F3F59E0A2E8927F70F9CB9CC /* WelcomeView.swift in Sources */ = {isa = PBXBuildFile; fileRef = F699BE4BD06F2FB0609A4D7E /* WelcomeView.swift */; };
		FCC6D4CD83CA75BE86B5002A /* BluetoothPermissionView.swift in Sources */ = {isa = PBXBuildFile; fileRef = 20F74553A9377B19E5C1D949 /* BluetoothPermissionView.swift */; };
/* End PBXBuildFile section */

/* Begin PBXContainerItemProxy section */
		EFC4545B4037440BCC84AFA4 /* PBXContainerItemProxy */ = {
			isa = PBXContainerItemProxy;
			containerPortal = 95967711AB621456100F57E0 /* Project object */;
			proxyType = 1;
			remoteGlobalIDString = A70B2D6FB7AF79D4B6F68D77;
			remoteInfo = BeidNative;
		};
/* End PBXContainerItemProxy section */

/* Begin PBXFileReference section */
		0B3805EF057DE73986545010 /* ItemDetailView.swift */ = {isa = PBXFileReference; lastKnownFileType = sourcecode.swift; path = ItemDetailView.swift; sourceTree = "<group>"; };
		0BE20BA560203445EE710D51 /* BluetoothOffView.swift */ = {isa = PBXFileReference; lastKnownFileType = sourcecode.swift; path = BluetoothOffView.swift; sourceTree = "<group>"; };
		0C0E64F1E2A3F900FD5CAA68 /* DemoEvent.swift */ = {isa = PBXFileReference; lastKnownFileType = sourcecode.swift; path = DemoEvent.swift; sourceTree = "<group>"; };
		115A3CAD20565CD49FE9579C /* OnboardingMode.swift */ = {isa = PBXFileReference; lastKnownFileType = sourcecode.swift; path = OnboardingMode.swift; sourceTree = "<group>"; };
		129D3FF466C601E15B278005 /* BeidNativeTests.xctest */ = {isa = PBXFileReference; includeInIndex = 0; lastKnownFileType = wrapper.cfbundle; path = BeidNativeTests.xctest; sourceTree = BUILT_PRODUCTS_DIR; };
		19CB80EFF774876EB5831AAB /* AppCoordinator.swift */ = {isa = PBXFileReference; lastKnownFileType = sourcecode.swift; path = AppCoordinator.swift; sourceTree = "<group>"; };
		1E955FB1A97DA75F62A5F196 /* ProofStoreTests.swift */ = {isa = PBXFileReference; lastKnownFileType = sourcecode.swift; path = ProofStoreTests.swift; sourceTree = "<group>"; };
		20F74553A9377B19E5C1D949 /* BluetoothPermissionView.swift */ = {isa = PBXFileReference; lastKnownFileType = sourcecode.swift; path = BluetoothPermissionView.swift; sourceTree = "<group>"; };
		22195B364A77E56F43C7CDFD /* ScanFlowView.swift */ = {isa = PBXFileReference; lastKnownFileType = sourcecode.swift; path = ScanFlowView.swift; sourceTree = "<group>"; };
		22B1FCBDE96F0EB53010E902 /* Proof.swift */ = {isa = PBXFileReference; lastKnownFileType = sourcecode.swift; path = Proof.swift; sourceTree = "<group>"; };
		286E6F23D1771C295F6985CF /* EventFoundView.swift */ = {isa = PBXFileReference; lastKnownFileType = sourcecode.swift; path = EventFoundView.swift; sourceTree = "<group>"; };
		2A3BE3C7AB18EAB422A08519 /* BeidNativeApp.swift */ = {isa = PBXFileReference; lastKnownFileType = sourcecode.swift; path = BeidNativeApp.swift; sourceTree = "<group>"; };
		300D085B5F1278B2629DD42F /* BeidNative.app */ = {isa = PBXFileReference; includeInIndex = 0; lastKnownFileType = wrapper.application; path = BeidNative.app; sourceTree = BUILT_PRODUCTS_DIR; };
		30B861F790F0E78189CEDFAD /* ProofCollectedView.swift */ = {isa = PBXFileReference; lastKnownFileType = sourcecode.swift; path = ProofCollectedView.swift; sourceTree = "<group>"; };
		36AD2E23E5486FDD07D5E832 /* Barnard */ = {isa = PBXFileReference; lastKnownFileType = folder; name = Barnard; path = Vendor/Barnard; sourceTree = SOURCE_ROOT; };
		434F87D62BA057B480786BEB /* SensingView.swift */ = {isa = PBXFileReference; lastKnownFileType = sourcecode.swift; path = SensingView.swift; sourceTree = "<group>"; };
		50430CAF162D2E7517FC3B78 /* Info.plist */ = {isa = PBXFileReference; lastKnownFileType = text.plist; path = Info.plist; sourceTree = "<group>"; };
		55007DC8296C9334E0324693 /* ScanPhase.swift */ = {isa = PBXFileReference; lastKnownFileType = sourcecode.swift; path = ScanPhase.swift; sourceTree = "<group>"; };
		585139B8FDEFC2C955E92E47 /* VerifiedView.swift */ = {isa = PBXFileReference; lastKnownFileType = sourcecode.swift; path = VerifiedView.swift; sourceTree = "<group>"; };
		5952D8095EF036EE3563EE45 /* RootView.swift */ = {isa = PBXFileReference; lastKnownFileType = sourcecode.swift; path = RootView.swift; sourceTree = "<group>"; };
		650BF5EB34DEEBA7A22546F3 /* AppScreen.swift */ = {isa = PBXFileReference; lastKnownFileType = sourcecode.swift; path = AppScreen.swift; sourceTree = "<group>"; };
		7D1D92CEB129EC95398CFFED /* VerifyingView.swift */ = {isa = PBXFileReference; lastKnownFileType = sourcecode.swift; path = VerifyingView.swift; sourceTree = "<group>"; };
		8DE29D3990C7F6535CF1E3A0 /* SensingCoordinatorTests.swift */ = {isa = PBXFileReference; lastKnownFileType = sourcecode.swift; path = SensingCoordinatorTests.swift; sourceTree = "<group>"; };
		A53AA2BB9B6278B16A4B48CA /* SignalLostView.swift */ = {isa = PBXFileReference; lastKnownFileType = sourcecode.swift; path = SignalLostView.swift; sourceTree = "<group>"; };
		ACD38071E073229C2BC1FE67 /* BluetoothMonitor.swift */ = {isa = PBXFileReference; lastKnownFileType = sourcecode.swift; path = BluetoothMonitor.swift; sourceTree = "<group>"; };
		B5E8DF11A012897878781523 /* WalletConnectStub.swift */ = {isa = PBXFileReference; lastKnownFileType = sourcecode.swift; path = WalletConnectStub.swift; sourceTree = "<group>"; };
		B7823F14668A047820EB7060 /* WalletConnectView.swift */ = {isa = PBXFileReference; lastKnownFileType = sourcecode.swift; path = WalletConnectView.swift; sourceTree = "<group>"; };
		C57B8BEC2E8BEE15403BDE03 /* ProofCardView.swift */ = {isa = PBXFileReference; lastKnownFileType = sourcecode.swift; path = ProofCardView.swift; sourceTree = "<group>"; };
		E7F38C78DC6CAD0ED651E660 /* OnboardingFlagTests.swift */ = {isa = PBXFileReference; lastKnownFileType = sourcecode.swift; path = OnboardingFlagTests.swift; sourceTree = "<group>"; };
		F42438FFF91FB0F0102C2372 /* SensingCoordinator.swift */ = {isa = PBXFileReference; lastKnownFileType = sourcecode.swift; path = SensingCoordinator.swift; sourceTree = "<group>"; };
		F454582BD37F957E5C7EB1BC /* AccountSheetView.swift */ = {isa = PBXFileReference; lastKnownFileType = sourcecode.swift; path = AccountSheetView.swift; sourceTree = "<group>"; };
		F699BE4BD06F2FB0609A4D7E /* WelcomeView.swift */ = {isa = PBXFileReference; lastKnownFileType = sourcecode.swift; path = WelcomeView.swift; sourceTree = "<group>"; };
		F9BF4CF2816A35EB59ACFCB1 /* ProofStore.swift */ = {isa = PBXFileReference; lastKnownFileType = sourcecode.swift; path = ProofStore.swift; sourceTree = "<group>"; };
		FA2D0F7D38B7953CCF31FA5F /* CollectionHomeView.swift */ = {isa = PBXFileReference; lastKnownFileType = sourcecode.swift; path = CollectionHomeView.swift; sourceTree = "<group>"; };
/* End PBXFileReference section */

/* Begin PBXFrameworksBuildPhase section */
		EE1E887B77C2545C256F5F56 /* Frameworks */ = {
			isa = PBXFrameworksBuildPhase;
			buildActionMask = 2147483647;
			files = (
				F3BD75A9BEE926FB8CA6BC12 /* Barnard in Frameworks */,
			);
			runOnlyForDeploymentPostprocessing = 0;
		};
/* End PBXFrameworksBuildPhase section */

/* Begin PBXGroup section */
		024EC04C06A34115914B21FA /* Navigation */ = {
			isa = PBXGroup;
			children = (
				19CB80EFF774876EB5831AAB /* AppCoordinator.swift */,
				650BF5EB34DEEBA7A22546F3 /* AppScreen.swift */,
				5952D8095EF036EE3563EE45 /* RootView.swift */,
			);
			path = Navigation;
			sourceTree = "<group>";
		};
		14B19786E19A143D7CDDC38A /* Sensing */ = {
			isa = PBXGroup;
			children = (
				ACD38071E073229C2BC1FE67 /* BluetoothMonitor.swift */,
				55007DC8296C9334E0324693 /* ScanPhase.swift */,
				F42438FFF91FB0F0102C2372 /* SensingCoordinator.swift */,
			);
			path = Sensing;
			sourceTree = "<group>";
		};
		27677ACBBBBA8F2A369BE29E /* Models */ = {
			isa = PBXGroup;
			children = (
				0C0E64F1E2A3F900FD5CAA68 /* DemoEvent.swift */,
				115A3CAD20565CD49FE9579C /* OnboardingMode.swift */,
				22B1FCBDE96F0EB53010E902 /* Proof.swift */,
			);
			path = Models;
			sourceTree = "<group>";
		};
		3B9D8915E18F8513BE1F9BE3 /* Onboarding */ = {
			isa = PBXGroup;
			children = (
				B5E8DF11A012897878781523 /* WalletConnectStub.swift */,
			);
			path = Onboarding;
			sourceTree = "<group>";
		};
		617AA522525B09153A5ABC4D /* Products */ = {
			isa = PBXGroup;
			children = (
				300D085B5F1278B2629DD42F /* BeidNative.app */,
				129D3FF466C601E15B278005 /* BeidNativeTests.xctest */,
			);
			name = Products;
			sourceTree = "<group>";
		};
		6630F80685760C8695F08556 /* Persistence */ = {
			isa = PBXGroup;
			children = (
				F9BF4CF2816A35EB59ACFCB1 /* ProofStore.swift */,
			);
			path = Persistence;
			sourceTree = "<group>";
		};
		CE99EC6C6DC5F22C22F5521D /* Views */ = {
			isa = PBXGroup;
			children = (
				F454582BD37F957E5C7EB1BC /* AccountSheetView.swift */,
				0BE20BA560203445EE710D51 /* BluetoothOffView.swift */,
				20F74553A9377B19E5C1D949 /* BluetoothPermissionView.swift */,
				FA2D0F7D38B7953CCF31FA5F /* CollectionHomeView.swift */,
				286E6F23D1771C295F6985CF /* EventFoundView.swift */,
				0B3805EF057DE73986545010 /* ItemDetailView.swift */,
				C57B8BEC2E8BEE15403BDE03 /* ProofCardView.swift */,
				30B861F790F0E78189CEDFAD /* ProofCollectedView.swift */,
				22195B364A77E56F43C7CDFD /* ScanFlowView.swift */,
				434F87D62BA057B480786BEB /* SensingView.swift */,
				A53AA2BB9B6278B16A4B48CA /* SignalLostView.swift */,
				585139B8FDEFC2C955E92E47 /* VerifiedView.swift */,
				7D1D92CEB129EC95398CFFED /* VerifyingView.swift */,
				B7823F14668A047820EB7060 /* WalletConnectView.swift */,
				F699BE4BD06F2FB0609A4D7E /* WelcomeView.swift */,
			);
			path = Views;
			sourceTree = "<group>";
		};
		CEC2909D76F60465BCC3FD4D = {
			isa = PBXGroup;
			children = (
				E82FB578569EFCA4B98B6B7C /* BeidNative */,
				F96758D4F0A9C24B459CDEE3 /* BeidNativeTests */,
				E77610C902866138C583B53C /* Packages */,
				617AA522525B09153A5ABC4D /* Products */,
			);
			sourceTree = "<group>";
		};
		E77610C902866138C583B53C /* Packages */ = {
			isa = PBXGroup;
			children = (
				36AD2E23E5486FDD07D5E832 /* Barnard */,
			);
			name = Packages;
			sourceTree = "<group>";
		};
		E82FB578569EFCA4B98B6B7C /* BeidNative */ = {
			isa = PBXGroup;
			children = (
				FB9B1B55ADC1F0C8D51625A8 /* App */,
				27677ACBBBBA8F2A369BE29E /* Models */,
				024EC04C06A34115914B21FA /* Navigation */,
				3B9D8915E18F8513BE1F9BE3 /* Onboarding */,
				6630F80685760C8695F08556 /* Persistence */,
				14B19786E19A143D7CDDC38A /* Sensing */,
				CE99EC6C6DC5F22C22F5521D /* Views */,
			);
			path = BeidNative;
			sourceTree = "<group>";
		};
		F96758D4F0A9C24B459CDEE3 /* BeidNativeTests */ = {
			isa = PBXGroup;
			children = (
				E7F38C78DC6CAD0ED651E660 /* OnboardingFlagTests.swift */,
				1E955FB1A97DA75F62A5F196 /* ProofStoreTests.swift */,
				8DE29D3990C7F6535CF1E3A0 /* SensingCoordinatorTests.swift */,
			);
			path = BeidNativeTests;
			sourceTree = "<group>";
		};
		FB9B1B55ADC1F0C8D51625A8 /* App */ = {
			isa = PBXGroup;
			children = (
				2A3BE3C7AB18EAB422A08519 /* BeidNativeApp.swift */,
				50430CAF162D2E7517FC3B78 /* Info.plist */,
			);
			path = App;
			sourceTree = "<group>";
		};
/* End PBXGroup section */

/* Begin PBXNativeTarget section */
		A70B2D6FB7AF79D4B6F68D77 /* BeidNative */ = {
			isa = PBXNativeTarget;
			buildConfigurationList = 2FE87987847DE57D5EC88E1E /* Build configuration list for PBXNativeTarget "BeidNative" */;
			buildPhases = (
				5AF71C4BABA68CAE7DCDCAC9 /* Sources */,
				EE1E887B77C2545C256F5F56 /* Frameworks */,
			);
			buildRules = (
			);
			dependencies = (
			);
			name = BeidNative;
			packageProductDependencies = (
				AAB5570722372D2398076689 /* Barnard */,
			);
			productName = BeidNative;
			productReference = 300D085B5F1278B2629DD42F /* BeidNative.app */;
			productType = "com.apple.product-type.application";
		};
		FDA70543C8CB5839B3925176 /* BeidNativeTests */ = {
			isa = PBXNativeTarget;
			buildConfigurationList = ECD68C6ECF5770DC4B34AAC3 /* Build configuration list for PBXNativeTarget "BeidNativeTests" */;
			buildPhases = (
				BDC9350101A295586093FA8E /* Sources */,
			);
			buildRules = (
			);
			dependencies = (
				E2DDAD747D09A811CB6AE804 /* PBXTargetDependency */,
			);
			name = BeidNativeTests;
			packageProductDependencies = (
			);
			productName = BeidNativeTests;
			productReference = 129D3FF466C601E15B278005 /* BeidNativeTests.xctest */;
			productType = "com.apple.product-type.bundle.unit-test";
		};
/* End PBXNativeTarget section */

/* Begin PBXProject section */
		95967711AB621456100F57E0 /* Project object */ = {
			isa = PBXProject;
			attributes = {
				BuildIndependentTargetsInParallel = YES;
				LastUpgradeCheck = 1430;
				TargetAttributes = {
					A70B2D6FB7AF79D4B6F68D77 = {
						DevelopmentTeam = "";
						ProvisioningStyle = Automatic;
					};
				};
			};
			buildConfigurationList = D5AEAD42579B8F29649DF8E3 /* Build configuration list for PBXProject "BeidNative" */;
			developmentRegion = en;
			hasScannedForEncodings = 0;
			knownRegions = (
				Base,
				en,
			);
			mainGroup = CEC2909D76F60465BCC3FD4D;
			minimizedProjectReferenceProxies = 1;
			packageReferences = (
				0A3E16F6C7B86B16D3EFC53F /* XCLocalSwiftPackageReference "Vendor/Barnard" */,
			);
			preferredProjectObjectVersion = 77;
			productRefGroup = 617AA522525B09153A5ABC4D /* Products */;
			projectDirPath = "";
			projectRoot = "";
			targets = (
				A70B2D6FB7AF79D4B6F68D77 /* BeidNative */,
				FDA70543C8CB5839B3925176 /* BeidNativeTests */,
			);
		};
/* End PBXProject section */

/* Begin PBXSourcesBuildPhase section */
		5AF71C4BABA68CAE7DCDCAC9 /* Sources */ = {
			isa = PBXSourcesBuildPhase;
			buildActionMask = 2147483647;
			files = (
				65833C93B634226BAEEBC632 /* AccountSheetView.swift in Sources */,
				69C3AE51E8FB83C032AEA8D0 /* AppCoordinator.swift in Sources */,
				71770D096463E9EDDBD0AD5C /* AppScreen.swift in Sources */,
				C72AD71C76745D23F8F9A222 /* BeidNativeApp.swift in Sources */,
				EC1D55610E51518E1AC40155 /* BluetoothMonitor.swift in Sources */,
				26821E039AD90F9F711857DC /* BluetoothOffView.swift in Sources */,
				FCC6D4CD83CA75BE86B5002A /* BluetoothPermissionView.swift in Sources */,
				414152560F7C8A796B7C87FA /* CollectionHomeView.swift in Sources */,
				A81794E11E63D5DF6C232A99 /* DemoEvent.swift in Sources */,
				352B8F1A90A7CD5ABD8D8FB0 /* EventFoundView.swift in Sources */,
				B2A64062AC8D4A56EDCE2E46 /* ItemDetailView.swift in Sources */,
				BD410A9A17B7C1D46E86192F /* OnboardingMode.swift in Sources */,
				4F5882E98DE1728543FFB8A8 /* Proof.swift in Sources */,
				557A5CE832D4776231545668 /* ProofCardView.swift in Sources */,
				B1F978291EFEC9595BCEA8C6 /* ProofCollectedView.swift in Sources */,
				3F77446516F72DADDC5A2758 /* ProofStore.swift in Sources */,
				6E583E2C5F75B4ADCCD893D2 /* RootView.swift in Sources */,
				BF516B6A5071644942BA214A /* ScanFlowView.swift in Sources */,
				218A2F853F71D833664F1336 /* ScanPhase.swift in Sources */,
				4DA19DBF11A31827A1084769 /* SensingCoordinator.swift in Sources */,
				BEFF7670DEF8ECAE9B25D393 /* SensingView.swift in Sources */,
				37D8BE25C2E3BC1539CDF3EF /* SignalLostView.swift in Sources */,
				EE7950CFD0BB78D1D4FFF072 /* VerifiedView.swift in Sources */,
				761B6ABF9CC93BC41BC7EE10 /* VerifyingView.swift in Sources */,
				D073A8F7A86112AC6CBA40EA /* WalletConnectStub.swift in Sources */,
				9E4C16215A48C1FFADD5125C /* WalletConnectView.swift in Sources */,
				F3F59E0A2E8927F70F9CB9CC /* WelcomeView.swift in Sources */,
			);
			runOnlyForDeploymentPostprocessing = 0;
		};
		BDC9350101A295586093FA8E /* Sources */ = {
			isa = PBXSourcesBuildPhase;
			buildActionMask = 2147483647;
			files = (
				C357E8E1C93D15AF26221474 /* OnboardingFlagTests.swift in Sources */,
				C89A122A7B71A1AF73589BB8 /* ProofStoreTests.swift in Sources */,
				41F27951841CD728C3DB24B1 /* SensingCoordinatorTests.swift in Sources */,
			);
			runOnlyForDeploymentPostprocessing = 0;
		};
/* End PBXSourcesBuildPhase section */

/* Begin PBXTargetDependency section */
		E2DDAD747D09A811CB6AE804 /* PBXTargetDependency */ = {
			isa = PBXTargetDependency;
			target = A70B2D6FB7AF79D4B6F68D77 /* BeidNative */;
			targetProxy = EFC4545B4037440BCC84AFA4 /* PBXContainerItemProxy */;
		};
/* End PBXTargetDependency section */

/* Begin XCBuildConfiguration section */
		0514070AC6783B9219ACE3F7 /* Debug */ = {
			isa = XCBuildConfiguration;
			buildSettings = {
				ASSETCATALOG_COMPILER_APPICON_NAME = AppIcon;
				CODE_SIGN_IDENTITY = "iPhone Developer";
				CODE_SIGN_STYLE = Automatic;
				DEVELOPMENT_TEAM = "";
				INFOPLIST_FILE = BeidNative/App/Info.plist;
				LD_RUNPATH_SEARCH_PATHS = (
					"$(inherited)",
					"@executable_path/Frameworks",
				);
				PRODUCT_BUNDLE_IDENTIFIER = network.greeting.beid.native;
				SDKROOT = iphoneos;
				SWIFT_VERSION = 5.0;
				TARGETED_DEVICE_FAMILY = 1;
			};
			name = Debug;
		};
		67F15E851736DB438623475F /* Debug */ = {
			isa = XCBuildConfiguration;
			buildSettings = {
				ALWAYS_SEARCH_USER_PATHS = NO;
				CLANG_ANALYZER_NONNULL = YES;
				CLANG_ANALYZER_NUMBER_OBJECT_CONVERSION = YES_AGGRESSIVE;
				CLANG_CXX_LANGUAGE_STANDARD = "gnu++14";
				CLANG_CXX_LIBRARY = "libc++";
				CLANG_ENABLE_MODULES = YES;
				CLANG_ENABLE_OBJC_ARC = YES;
				CLANG_ENABLE_OBJC_WEAK = YES;
				CLANG_WARN_BLOCK_CAPTURE_AUTORELEASING = YES;
				CLANG_WARN_BOOL_CONVERSION = YES;
				CLANG_WARN_COMMA = YES;
				CLANG_WARN_CONSTANT_CONVERSION = YES;
				CLANG_WARN_DEPRECATED_OBJC_IMPLEMENTATIONS = YES;
				CLANG_WARN_DIRECT_OBJC_ISA_USAGE = YES_ERROR;
				CLANG_WARN_DOCUMENTATION_COMMENTS = YES;
				CLANG_WARN_EMPTY_BODY = YES;
				CLANG_WARN_ENUM_CONVERSION = YES;
				CLANG_WARN_INFINITE_RECURSION = YES;
				CLANG_WARN_INT_CONVERSION = YES;
				CLANG_WARN_NON_LITERAL_NULL_CONVERSION = YES;
				CLANG_WARN_OBJC_IMPLICIT_RETAIN_SELF = YES;
				CLANG_WARN_OBJC_LITERAL_CONVERSION = YES;
				CLANG_WARN_OBJC_ROOT_CLASS = YES_ERROR;
				CLANG_WARN_QUOTED_INCLUDE_IN_FRAMEWORK_HEADER = YES;
				CLANG_WARN_RANGE_LOOP_ANALYSIS = YES;
				CLANG_WARN_STRICT_PROTOTYPES = YES;
				CLANG_WARN_SUSPICIOUS_MOVE = YES;
				CLANG_WARN_UNGUARDED_AVAILABILITY = YES_AGGRESSIVE;
				CLANG_WARN_UNREACHABLE_CODE = YES;
				CLANG_WARN__DUPLICATE_METHOD_MATCH = YES;
				COPY_PHASE_STRIP = NO;
				DEBUG_INFORMATION_FORMAT = dwarf;
				ENABLE_STRICT_OBJC_MSGSEND = YES;
				ENABLE_TESTABILITY = YES;
				GCC_C_LANGUAGE_STANDARD = gnu11;
				GCC_DYNAMIC_NO_PIC = NO;
				GCC_NO_COMMON_BLOCKS = YES;
				GCC_OPTIMIZATION_LEVEL = 0;
				GCC_PREPROCESSOR_DEFINITIONS = (
					"$(inherited)",
					"DEBUG=1",
				);
				GCC_WARN_64_TO_32_BIT_CONVERSION = YES;
				GCC_WARN_ABOUT_RETURN_TYPE = YES_ERROR;
				GCC_WARN_UNDECLARED_SELECTOR = YES;
				GCC_WARN_UNINITIALIZED_AUTOS = YES_AGGRESSIVE;
				GCC_WARN_UNUSED_FUNCTION = YES;
				GCC_WARN_UNUSED_VARIABLE = YES;
				IPHONEOS_DEPLOYMENT_TARGET = 17.0;
				MTL_ENABLE_DEBUG_INFO = INCLUDE_SOURCE;
				MTL_FAST_MATH = YES;
				ONLY_ACTIVE_ARCH = YES;
				PRODUCT_NAME = "$(TARGET_NAME)";
				SDKROOT = iphoneos;
				SWIFT_ACTIVE_COMPILATION_CONDITIONS = DEBUG;
				SWIFT_OPTIMIZATION_LEVEL = "-Onone";
				SWIFT_VERSION = 5.0;
			};
			name = Debug;
		};
		73FFD6F49035D8E05A459013 /* Release */ = {
			isa = XCBuildConfiguration;
			buildSettings = {
				ALWAYS_SEARCH_USER_PATHS = NO;
				CLANG_ANALYZER_NONNULL = YES;
				CLANG_ANALYZER_NUMBER_OBJECT_CONVERSION = YES_AGGRESSIVE;
				CLANG_CXX_LANGUAGE_STANDARD = "gnu++14";
				CLANG_CXX_LIBRARY = "libc++";
				CLANG_ENABLE_MODULES = YES;
				CLANG_ENABLE_OBJC_ARC = YES;
				CLANG_ENABLE_OBJC_WEAK = YES;
				CLANG_WARN_BLOCK_CAPTURE_AUTORELEASING = YES;
				CLANG_WARN_BOOL_CONVERSION = YES;
				CLANG_WARN_COMMA = YES;
				CLANG_WARN_CONSTANT_CONVERSION = YES;
				CLANG_WARN_DEPRECATED_OBJC_IMPLEMENTATIONS = YES;
				CLANG_WARN_DIRECT_OBJC_ISA_USAGE = YES_ERROR;
				CLANG_WARN_DOCUMENTATION_COMMENTS = YES;
				CLANG_WARN_EMPTY_BODY = YES;
				CLANG_WARN_ENUM_CONVERSION = YES;
				CLANG_WARN_INFINITE_RECURSION = YES;
				CLANG_WARN_INT_CONVERSION = YES;
				CLANG_WARN_NON_LITERAL_NULL_CONVERSION = YES;
				CLANG_WARN_OBJC_IMPLICIT_RETAIN_SELF = YES;
				CLANG_WARN_OBJC_LITERAL_CONVERSION = YES;
				CLANG_WARN_OBJC_ROOT_CLASS = YES_ERROR;
				CLANG_WARN_QUOTED_INCLUDE_IN_FRAMEWORK_HEADER = YES;
				CLANG_WARN_RANGE_LOOP_ANALYSIS = YES;
				CLANG_WARN_STRICT_PROTOTYPES = YES;
				CLANG_WARN_SUSPICIOUS_MOVE = YES;
				CLANG_WARN_UNGUARDED_AVAILABILITY = YES_AGGRESSIVE;
				CLANG_WARN_UNREACHABLE_CODE = YES;
				CLANG_WARN__DUPLICATE_METHOD_MATCH = YES;
				COPY_PHASE_STRIP = NO;
				DEBUG_INFORMATION_FORMAT = "dwarf-with-dsym";
				ENABLE_NS_ASSERTIONS = NO;
				ENABLE_STRICT_OBJC_MSGSEND = YES;
				GCC_C_LANGUAGE_STANDARD = gnu11;
				GCC_NO_COMMON_BLOCKS = YES;
				GCC_WARN_64_TO_32_BIT_CONVERSION = YES;
				GCC_WARN_ABOUT_RETURN_TYPE = YES_ERROR;
				GCC_WARN_UNDECLARED_SELECTOR = YES;
				GCC_WARN_UNINITIALIZED_AUTOS = YES_AGGRESSIVE;
				GCC_WARN_UNUSED_FUNCTION = YES;
				GCC_WARN_UNUSED_VARIABLE = YES;
				IPHONEOS_DEPLOYMENT_TARGET = 17.0;
				MTL_ENABLE_DEBUG_INFO = NO;
				MTL_FAST_MATH = YES;
				PRODUCT_NAME = "$(TARGET_NAME)";
				SDKROOT = iphoneos;
				SWIFT_COMPILATION_MODE = wholemodule;
				SWIFT_OPTIMIZATION_LEVEL = "-O";
				SWIFT_VERSION = 5.0;
			};
			name = Release;
		};
		82BCA24ADF321A491AD05021 /* Release */ = {
			isa = XCBuildConfiguration;
			buildSettings = {
				BUNDLE_LOADER = "$(TEST_HOST)";
				GENERATE_INFOPLIST_FILE = YES;
				LD_RUNPATH_SEARCH_PATHS = (
					"$(inherited)",
					"@executable_path/Frameworks",
					"@loader_path/Frameworks",
				);
				PRODUCT_BUNDLE_IDENTIFIER = network.greeting.beid.native.BeidNativeTests;
				SDKROOT = iphoneos;
				SWIFT_VERSION = 5.0;
				TARGETED_DEVICE_FAMILY = "1,2";
				TEST_HOST = "$(BUILT_PRODUCTS_DIR)/BeidNative.app/BeidNative";
			};
			name = Release;
		};
		86919442F5B80AFD33CF921D /* Release */ = {
			isa = XCBuildConfiguration;
			buildSettings = {
				ASSETCATALOG_COMPILER_APPICON_NAME = AppIcon;
				CODE_SIGN_IDENTITY = "iPhone Developer";
				CODE_SIGN_STYLE = Automatic;
				DEVELOPMENT_TEAM = "";
				INFOPLIST_FILE = BeidNative/App/Info.plist;
				LD_RUNPATH_SEARCH_PATHS = (
					"$(inherited)",
					"@executable_path/Frameworks",
				);
				PRODUCT_BUNDLE_IDENTIFIER = network.greeting.beid.native;
				SDKROOT = iphoneos;
				SWIFT_VERSION = 5.0;
				TARGETED_DEVICE_FAMILY = 1;
			};
			name = Release;
		};
		A5BD542F516801305B14E168 /* Debug */ = {
			isa = XCBuildConfiguration;
			buildSettings = {
				BUNDLE_LOADER = "$(TEST_HOST)";
				GENERATE_INFOPLIST_FILE = YES;
				LD_RUNPATH_SEARCH_PATHS = (
					"$(inherited)",
					"@executable_path/Frameworks",
					"@loader_path/Frameworks",
				);
				PRODUCT_BUNDLE_IDENTIFIER = network.greeting.beid.native.BeidNativeTests;
				SDKROOT = iphoneos;
				SWIFT_VERSION = 5.0;
				TARGETED_DEVICE_FAMILY = "1,2";
				TEST_HOST = "$(BUILT_PRODUCTS_DIR)/BeidNative.app/BeidNative";
			};
			name = Debug;
		};
/* End XCBuildConfiguration section */

/* Begin XCConfigurationList section */
		2FE87987847DE57D5EC88E1E /* Build configuration list for PBXNativeTarget "BeidNative" */ = {
			isa = XCConfigurationList;
			buildConfigurations = (
				0514070AC6783B9219ACE3F7 /* Debug */,
				86919442F5B80AFD33CF921D /* Release */,
			);
			defaultConfigurationIsVisible = 0;
			defaultConfigurationName = Debug;
		};
		D5AEAD42579B8F29649DF8E3 /* Build configuration list for PBXProject "BeidNative" */ = {
			isa = XCConfigurationList;
			buildConfigurations = (
				67F15E851736DB438623475F /* Debug */,
				73FFD6F49035D8E05A459013 /* Release */,
			);
			defaultConfigurationIsVisible = 0;
			defaultConfigurationName = Debug;
		};
		ECD68C6ECF5770DC4B34AAC3 /* Build configuration list for PBXNativeTarget "BeidNativeTests" */ = {
			isa = XCConfigurationList;
			buildConfigurations = (
				A5BD542F516801305B14E168 /* Debug */,
				82BCA24ADF321A491AD05021 /* Release */,
			);
			defaultConfigurationIsVisible = 0;
			defaultConfigurationName = Debug;
		};
/* End XCConfigurationList section */

/* Begin XCLocalSwiftPackageReference section */
		0A3E16F6C7B86B16D3EFC53F /* XCLocalSwiftPackageReference "Vendor/Barnard" */ = {
			isa = XCLocalSwiftPackageReference;
			relativePath = Vendor/Barnard;
		};
/* End XCLocalSwiftPackageReference section */

/* Begin XCSwiftPackageProductDependency section */
		AAB5570722372D2398076689 /* Barnard */ = {
			isa = XCSwiftPackageProductDependency;
			productName = Barnard;
		};
/* End XCSwiftPackageProductDependency section */
	};
	rootObject = 95967711AB621456100F57E0 /* Project object */;
}
